<?xml version="1.0" encoding="UTF-8" standalone="yes" ?>
<CodeBlocks_project_file>
	<FileVersion major="1" minor="6" />
	<Project>
		<Option title="engine.controls.fps" />
		<Option pch_mode="2" />
		<Option compiler="gcc" />
		<Build>
			<Target title="Release">
				<Option output="../engine_test/assets/extensions/engine.control.fps.dll" prefix_auto="0" extension_auto="0" />
				<Option object_output="obj/Release/" />
				<Option type="3" />
				<Option compiler="gcc" />
				<Option createDefFile="1" />
				<Option createStaticLib="1" />
				<Compiler>
					<Add option="-Wall" />
					<Add option="-DBUILD_DLL" />
					<Add option="-O2" />
				</Compiler>
				<Linker>
					<Add option="-s" />
					<Add library="user32" />
				</Linker>
			</Target>
			<Target title="debug">
				<Option output="../engine_test/assets/extensions/engine.control.fps.dll" prefix_auto="0" extension_auto="0" />
				<Option type="0" />
				<Option compiler="gcc" />
			</Target>
		</Build>
		<Linker>
			<Add library="glfw3" />
			<Add library="gdi32" />
			<Add library="glew32" />
			<Add library="opengl32" />
			<Add library="mingw32" />
			<Add library="ode" />
		</Linker>
		<Unit filename="C:/Program Files (x86)/CodeBlocks/MinGW/include/engine/assetlibrary/assetlibrary.cpp">
			<Option target="Release" />
		</Unit>
		<Unit filename="C:/Program Files (x86)/CodeBlocks/MinGW/include/engine/assetlibrary/assetlibrary.h">
			<Option target="Release" />
		</Unit>
		<Unit filename="C:/Program Files (x86)/CodeBlocks/MinGW/include/engine/assetlibrary/dll.h">
			<Option target="Release" />
		</Unit>
		<Unit filename="C:/Program Files (x86)/CodeBlocks/MinGW/include/engine/core/double3.cpp">
			<Option target="Release" />
		</Unit>
		<Unit filename="C:/Program Files (x86)/CodeBlocks/MinGW/include/engine/core/double3.h">
			<Option target="Release" />
		</Unit>
		<Unit filename="C:/Program Files (x86)/CodeBlocks/MinGW/include/engine/core/enginecontrol.cpp">
			<Option target="Release" />
		</Unit>
		<Unit filename="C:/Program Files (x86)/CodeBlocks/MinGW/include/engine/core/enginecontrol.h">
			<Option target="Release" />
		</Unit>
		<Unit filename="C:/Program Files (x86)/CodeBlocks/MinGW/include/engine/core/float3x3.cpp">
			<Option target="Release" />
		</Unit>
		<Unit filename="C:/Program Files (x86)/CodeBlocks/MinGW/include/engine/core/float3x3.h">
			<Option target="Release" />
		</Unit>
		<Unit filename="C:/Program Files (x86)/CodeBlocks/MinGW/include/engine/core/list.h">
			<Option target="Release" />
		</Unit>
		<Unit filename="C:/Program Files (x86)/CodeBlocks/MinGW/include/engine/core/map.h">
			<Option target="Release" />
		</Unit>
		<Unit filename="C:/Program Files (x86)/CodeBlocks/MinGW/include/engine/core/node.cpp">
			<Option target="Release" />
		</Unit>
		<Unit filename="C:/Program Files (x86)/CodeBlocks/MinGW/include/engine/core/node.h">
			<Option target="Release" />
		</Unit>
		<Unit filename="C:/Program Files (x86)/CodeBlocks/MinGW/include/engine/core/nodemessage.cpp">
			<Option target="Release" />
		</Unit>
		<Unit filename="C:/Program Files (x86)/CodeBlocks/MinGW/include/engine/core/nodemessage.h">
			<Option target="Release" />
		</Unit>
		<Unit filename="C:/Program Files (x86)/CodeBlocks/MinGW/include/engine/core/noderequest.h">
			<Option target="Release" />
		</Unit>
		<Unit filename="C:/Program Files (x86)/CodeBlocks/MinGW/include/engine/core/stringutil.cpp">
			<Option target="Release" />
		</Unit>
		<Unit filename="C:/Program Files (x86)/CodeBlocks/MinGW/include/engine/core/stringutil.h">
			<Option target="Release" />
		</Unit>
		<Unit filename="C:/Program Files (x86)/CodeBlocks/MinGW/include/engine/core/varmap.cpp">
			<Option target="Release" />
		</Unit>
		<Unit filename="C:/Program Files (x86)/CodeBlocks/MinGW/include/engine/core/varmap.h">
			<Option target="Release" />
		</Unit>
		<Unit filename="C:/Program Files (x86)/CodeBlocks/MinGW/include/engine/physics/collision.cpp">
			<Option target="Release" />
		</Unit>
		<Unit filename="C:/Program Files (x86)/CodeBlocks/MinGW/include/engine/physics/collision.h">
			<Option target="Release" />
		</Unit>
		<Unit filename="C:/Program Files (x86)/CodeBlocks/MinGW/include/engine/physics/ode.cpp">
			<Option target="Release" />
		</Unit>
		<Unit filename="C:/Program Files (x86)/CodeBlocks/MinGW/include/engine/physics/ode.h">
			<Option target="Release" />
		</Unit>
		<Unit filename="C:/Program Files (x86)/CodeBlocks/MinGW/include/engine/physics/ode_utils.cpp">
			<Option target="Release" />
		</Unit>
		<Unit filename="C:/Program Files (x86)/CodeBlocks/MinGW/include/engine/physics/ode_utils.h">
			<Option target="Release" />
		</Unit>
		<Unit filename="C:/Program Files (x86)/CodeBlocks/MinGW/include/engine/physics/physical.cpp">
			<Option target="Release" />
		</Unit>
		<Unit filename="C:/Program Files (x86)/CodeBlocks/MinGW/include/engine/physics/physical.h">
			<Option target="Release" />
		</Unit>
		<Unit filename="C:/Program Files (x86)/CodeBlocks/MinGW/include/engine/physics/physics_world.cpp">
			<Option target="Release" />
		</Unit>
		<Unit filename="C:/Program Files (x86)/CodeBlocks/MinGW/include/engine/physics/physics_world.h">
			<Option target="Release" />
		</Unit>
		<Unit filename="C:/Program Files (x86)/CodeBlocks/MinGW/include/engine/physics/physicsgroup.h" />
		<Unit filename="fps.cpp">
			<Option target="Release" />
		</Unit>
		<Unit filename="fps.h">
			<Option target="Release" />
		</Unit>
		<Unit filename="main.cpp">
			<Option target="Release" />
		</Unit>
		<Unit filename="main.h">
			<Option target="Release" />
		</Unit>
		<Extensions>
			<code_completion />
			<envvars />
			<debugger />
			<lib_finder disable_auto="1" />
		</Extensions>
	</Project>
</CodeBlocks_project_file>
