<?xml version="1.0" encoding="UTF-8" standalone="yes" ?>
<CodeBlocks_project_file>
	<FileVersion major="1" minor="6" />
	<Project>
		<Option title="engine.controls.fps" />
		<Option pch_mode="2" />
		<Option compiler="gcc" />
		<Build>
			<Target title="Release">
				<Option output="../engine_test/assets/extensions/engine.control.fps.dll" prefix_auto="0" extension_auto="0" />
				<Option object_output="../engine_test/assets/extensions" />
				<Option type="3" />
				<Option compiler="gcc" />
				<Compiler>
					<Add option="-Wall" />
					<Add option="-DBUILD_DLL" />
					<Add option="-O2" />
				</Compiler>
				<Linker>
					<Add option="-s" />
					<Add library="user32" />
				</Linker>
			</Target>
			<Target title="debug">
				<Option output="../engine_test/assets/extensions/engine.control.fps.dll" prefix_auto="0" extension_auto="0" />
				<Option object_output="../engine_test/assets/extensions" />
				<Option type="0" />
				<Option compiler="gcc" />
			</Target>
		</Build>
		<Compiler>
			<Add option="-std=c++0x" />
		</Compiler>
		<Linker>
			<Add library="gdi32" />
			<Add library="opengl32" />
			<Add library="engine" />
			<Add library="glfw3" />
			<Add library="mingw32" />
			<Add library="ode" />
		</Linker>
		<Unit filename="fps.cpp" />
		<Unit filename="fps.h" />
		<Unit filename="main.cpp" />
		<Unit filename="main.h" />
		<Extensions>
			<code_completion />
			<envvars />
			<debugger />
			<lib_finder disable_auto="1" />
		</Extensions>
	</Project>
</CodeBlocks_project_file>
